// !$*UTF8*$!
{
	archiveVersion = 1;
	classes = {
	};
	objectVersion = 56;
	objects = {

/* Begin PBXBuildFile section */
		98A8CAB12BBD5F2500259560 /* AppDelegate.m in Sources */ = {isa = PBXBuildFile; fileRef = 98A8CAB02BBD5F2500259560 /* AppDelegate.m */; };
		98A8CAB42BBD5F2500259560 /* SceneDelegate.m in Sources */ = {isa = PBXBuildFile; fileRef = 98A8CAB32BBD5F2500259560 /* SceneDelegate.m */; };
		98A8CAB72BBD5F2500259560 /* ViewController.m in Sources */ = {isa = PBXBuildFile; fileRef = 98A8CAB62BBD5F2500259560 /* ViewController.m */; };
		98A8CABA2BBD5F2500259560 /* Main.storyboard in Resources */ = {isa = PBXBuildFile; fileRef = 98A8CAB82BBD5F2500259560 /* Main.storyboard */; };
		98A8CABC2BBD5F2B00259560 /* Assets.xcassets in Resources */ = {isa = PBXBuildFile; fileRef = 98A8CABB2BBD5F2B00259560 /* Assets.xcassets */; };
		98A8CABF2BBD5F2B00259560 /* LaunchScreen.storyboard in Resources */ = {isa = PBXBuildFile; fileRef = 98A8CABD2BBD5F2B00259560 /* LaunchScreen.storyboard */; };
		98A8CAC22BBD5F2B00259560 /* main.m in Sources */ = {isa = PBXBuildFile; fileRef = 98A8CAC12BBD5F2B00259560 /* main.m */; };
/* End PBXBuildFile section */

/* Begin PBXFileReference section */
		98A8CAAC2BBD5F2500259560 /* zhiqi.app */ = {isa = PBXFileReference; explicitFileType = wrapper.application; includeInIndex = 0; path = zhiqi.app; sourceTree = BUILT_PRODUCTS_DIR; };
		98A8CAAF2BBD5F2500259560 /* AppDelegate.h */ = {isa = PBXFileReference; lastKnownFileType = sourcecode.c.h; path = AppDelegate.h; sourceTree = "<group>"; };
		98A8CAB02BBD5F2500259560 /* AppDelegate.m */ = {isa = PBXFileReference; lastKnownFileType = sourcecode.c.objc; path = AppDelegate.m; sourceTree = "<group>"; };
		98A8CAB22BBD5F2500259560 /* SceneDelegate.h */ = {isa = PBXFileReference; lastKnownFileType = sourcecode.c.h; path = SceneDelegate.h; sourceTree = "<group>"; };
		98A8CAB32BBD5F2500259560 /* SceneDelegate.m */ = {isa = PBXFileReference; lastKnownFileType = sourcecode.c.objc; path = SceneDelegate.m; sourceTree = "<group>"; };
		98A8CAB52BBD5F2500259560 /* ViewController.h */ = {isa = PBXFileReference; lastKnownFileType = sourcecode.c.h; path = ViewController.h; sourceTree = "<group>"; };
		98A8CAB62BBD5F2500259560 /* ViewController.m */ = {isa = PBXFileReference; lastKnownFileType = sourcecode.c.objc; path = ViewController.m; sourceTree = "<group>"; };
		98A8CAB92BBD5F2500259560 /* Base */ = {isa = PBXFileReference; lastKnownFileType = file.storyboard; name = Base; path = Base.lproj/Main.storyboard; sourceTree = "<group>"; };
		98A8CABB2BBD5F2B00259560 /* Assets.xcassets */ = {isa = PBXFileReference; lastKnownFileType = folder.assetcatalog; path = Assets.xcassets; sourceTree = "<group>"; };
		98A8CABE2BBD5F2B00259560 /* Base */ = {isa = PBXFileReference; lastKnownFileType = file.storyboard; name = Base; path = Base.lproj/LaunchScreen.storyboard; sourceTree = "<group>"; };
		98A8CAC02BBD5F2B00259560 /* Info.plist */ = {isa = PBXFileReference; lastKnownFileType = text.plist.xml; path = Info.plist; sourceTree = "<group>"; };
		98A8CAC12BBD5F2B00259560 /* main.m */ = {isa = PBXFileReference; lastKnownFileType = sourcecode.c.objc; path = main.m; sourceTree = "<group>"; };
/* End PBXFileReference section */

/* Begin PBXFrameworksBuildPhase section */
		98A8CAA92BBD5F2400259560 /* Frameworks */ = {
			isa = PBXFrameworksBuildPhase;
			buildActionMask = 2147483647;
			files = (
			);
			runOnlyForDeploymentPostprocessing = 0;
		};
/* End PBXFrameworksBuildPhase section */

/* Begin PBXGroup section */
		98A8CAA32BBD5F2400259560 = {
			isa = PBXGroup;
			children = (
				98A8CAAE2BBD5F2500259560 /* zhiqi */,
				98A8CAAD2BBD5F2500259560 /* Products */,
			);
			sourceTree = "<group>";
		};
		98A8CAAD2BBD5F2500259560 /* Products */ = {
			isa = PBXGroup;
			children = (
				98A8CAAC2BBD5F2500259560 /* zhiqi.app */,
			);
			name = Products;
			sourceTree = "<group>";
		};
		98A8CAAE2BBD5F2500259560 /* zhiqi */ = {
			isa = PBXGroup;
			children = (
				98A8CAAF2BBD5F2500259560 /* AppDelegate.h */,
				98A8CAB02BBD5F2500259560 /* AppDelegate.m */,
				98A8CAB22BBD5F2500259560 /* SceneDelegate.h */,
				98A8CAB32BBD5F2500259560 /* SceneDelegate.m */,
				98A8CAB52BBD5F2500259560 /* ViewController.h */,
				98A8CAB62BBD5F2500259560 /* ViewController.m */,
				98A8CAB82BBD5F2500259560 /* Main.storyboard */,
				98A8CABB2BBD5F2B00259560 /* Assets.xcassets */,
				98A8CABD2BBD5F2B00259560 /* LaunchScreen.storyboard */,
				98A8CAC02BBD5F2B00259560 /* Info.plist */,
				98A8CAC12BBD5F2B00259560 /* main.m */,
			);
			path = zhiqi;
			sourceTree = "<group>";
		};
/* End PBXGroup section */

/* Begin PBXNativeTarget section */
		98A8CAAB2BBD5F2400259560 /* zhiqi */ = {
			isa = PBXNativeTarget;
			buildConfigurationList = 98A8CAC52BBD5F2B00259560 /* Build configuration list for PBXNativeTarget "zhiqi" */;
			buildPhases = (
				98A8CAA82BBD5F2400259560 /* Sources */,
				98A8CAA92BBD5F2400259560 /* Frameworks */,
				98A8CAAA2BBD5F2400259560 /* Resources */,
			);
			buildRules = (
			);
			dependencies = (
			);
			name = zhiqi;
			productName = zhiqi;
			productReference = 98A8CAAC2BBD5F2500259560 /* zhiqi.app */;
			productType = "com.apple.product-type.application";
		};
/* End PBXNativeTarget section */

/* Begin PBXProject section */
		98A8CAA42BBD5F2400259560 /* Project object */ = {
			isa = PBXProject;
			attributes = {
				BuildIndependentTargetsInParallel = 1;
				LastUpgradeCheck = 1500;
				TargetAttributes = {
					98A8CAAB2BBD5F2400259560 = {
						CreatedOnToolsVersion = 15.0.1;
					};
				};
			};
			buildConfigurationList = 98A8CAA72BBD5F2400259560 /* Build configuration list for PBXProject "zhiqi" */;
			compatibilityVersion = "Xcode 14.0";
			developmentRegion = en;
			hasScannedForEncodings = 0;
			knownRegions = (
				en,
				Base,
			);
			mainGroup = 98A8CAA32BBD5F2400259560;
			productRefGroup = 98A8CAAD2BBD5F2500259560 /* Products */;
			projectDirPath = "";
			projectRoot = "";
			targets = (
				98A8CAAB2BBD5F2400259560 /* zhiqi */,
			);
		};
/* End PBXProject section */

/* Begin PBXResourcesBuildPhase section */
		98A8CAAA2BBD5F2400259560 /* Resources */ = {
			isa = PBXResourcesBuildPhase;
			buildActionMask = 2147483647;
			files = (
				98A8CABF2BBD5F2B00259560 /* LaunchScreen.storyboard in Resources */,
				98A8CABC2BBD5F2B00259560 /* Assets.xcassets in Resources */,
				98A8CABA2BBD5F2500259560 /* Main.storyboard in Resources */,
			);
			runOnlyForDeploymentPostprocessing = 0;
		};
/* End PBXResourcesBuildPhase section */

/* Begin PBXSourcesBuildPhase section */
		98A8CAA82BBD5F2400259560 /* Sources */ = {
			isa = PBXSourcesBuildPhase;
			buildActionMask = 2147483647;
			files = (
				98A8CAB72BBD5F2500259560 /* ViewController.m in Sources */,
				98A8CAB12BBD5F2500259560 /* AppDelegate.m in Sources */,
				98A8CAC22BBD5F2B00259560 /* main.m in Sources */,
				98A8CAB42BBD5F2500259560 /* SceneDelegate.m in Sources */,
			);
			runOnlyForDeploymentPostprocessing = 0;
		};
/* End PBXSourcesBuildPhase section */

/* Begin PBXVariantGroup section */
		98A8CAB82BBD5F2500259560 /* Main.storyboard */ = {
			isa = PBXVariantGroup;
			children = (
				98A8CAB92BBD5F2500259560 /* Base */,
			);
			name = Main.storyboard;
			sourceTree = "<group>";
		};
		98A8CABD2BBD5F2B00259560 /* LaunchScreen.storyboard */ = {
			isa = PBXVariantGroup;
			children = (
				98A8CABE2BBD5F2B00259560 /* Base */,
			);
			name = LaunchScreen.storyboard;
			sourceTree = "<group>";
		};
/* End PBXVariantGroup section */

/* Begin XCBuildConfiguration section */
		98A8CAC32BBD5F2B00259560 /* Debug */ = {
			isa = XCBuildConfiguration;
			buildSettings = {
				ALWAYS_SEARCH_USER_PATHS = NO;
				ASSETCATALOG_COMPILER_GENERATE_SWIFT_ASSET_SYMBOL_EXTENSIONS = YES;
				CLANG_ANALYZER_NONNULL = YES;
				CLANG_ANALYZER_NUMBER_OBJECT_CONVERSION = YES_AGGRESSIVE;
				CLANG_CXX_LANGUAGE_STANDARD = "gnu++20";
				CLANG_ENABLE_MODULES = YES;
				CLANG_ENABLE_OBJC_ARC = YES;
				CLANG_ENABLE_OBJC_WEAK = YES;
				CLANG_WARN_BLOCK_CAPTURE_AUTORELEASING = YES;
				CLANG_WARN_BOOL_CONVERSION = YES;
				CLANG_WARN_COMMA = YES;
				CLANG_WARN_CONSTANT_CONVERSION = YES;
				CLANG_WARN_DEPRECATED_OBJC_IMPLEMENTATIONS = YES;
				CLANG_WARN_DIRECT_OBJC_ISA_USAGE = YES_ERROR;
				CLANG_WARN_DOCUMENTATION_COMMENTS = YES;
				CLANG_WARN_EMPTY_BODY = YES;
				CLANG_WARN_ENUM_CONVERSION = YES;
				CLANG_WARN_INFINITE_RECURSION = YES;
				CLANG_WARN_INT_CONVERSION = YES;
				CLANG_WARN_NON_LITERAL_NULL_CONVERSION = YES;
				CLANG_WARN_OBJC_IMPLICIT_RETAIN_SELF = YES;
				CLANG_WARN_OBJC_LITERAL_CONVERSION = YES;
				CLANG_WARN_OBJC_ROOT_CLASS = YES_ERROR;
				CLANG_WARN_QUOTED_INCLUDE_IN_FRAMEWORK_HEADER = YES;
				CLANG_WARN_RANGE_LOOP_ANALYSIS = YES;
				CLANG_WARN_STRICT_PROTOTYPES = YES;
				CLANG_WARN_SUSPICIOUS_MOVE = YES;
				CLANG_WARN_UNGUARDED_AVAILABILITY = YES_AGGRESSIVE;
				CLANG_WARN_UNREACHABLE_CODE = YES;
				CLANG_WARN__DUPLICATE_METHOD_MATCH = YES;
				COPY_PHASE_STRIP = NO;
				DEBUG_INFORMATION_FORMAT = dwarf;
				ENABLE_STRICT_OBJC_MSGSEND = YES;
				ENABLE_TESTABILITY = YES;
				ENABLE_USER_SCRIPT_SANDBOXING = YES;
				GCC_C_LANGUAGE_STANDARD = gnu17;
				GCC_DYNAMIC_NO_PIC = NO;
				GCC_NO_COMMON_BLOCKS = YES;
				GCC_OPTIMIZATION_LEVEL = 0;
				GCC_PREPROCESSOR_DEFINITIONS = (
					"DEBUG=1",
					"$(inherited)",
				);
				GCC_WARN_64_TO_32_BIT_CONVERSION = YES;
				GCC_WARN_ABOUT_RETURN_TYPE = YES_ERROR;
				GCC_WARN_UNDECLARED_SELECTOR = YES;
				GCC_WARN_UNINITIALIZED_AUTOS = YES_AGGRESSIVE;
				GCC_WARN_UNUSED_FUNCTION = YES;
				GCC_WARN_UNUSED_VARIABLE = YES;
				IPHONEOS_DEPLOYMENT_TARGET = 17.0;
				LOCALIZATION_PREFERS_STRING_CATALOGS = YES;
				MTL_ENABLE_DEBUG_INFO = INCLUDE_SOURCE;
				MTL_FAST_MATH = YES;
				ONLY_ACTIVE_ARCH = YES;
				SDKROOT = iphoneos;
			};
			name = Debug;
		};
		98A8CAC42BBD5F2B00259560 /* Release */ = {
			isa = XCBuildConfiguration;
			buildSettings = {
				ALWAYS_SEARCH_USER_PATHS = NO;
				ASSETCATALOG_COMPILER_GENERATE_SWIFT_ASSET_SYMBOL_EXTENSIONS = YES;
				CLANG_ANALYZER_NONNULL = YES;
				CLANG_ANALYZER_NUMBER_OBJECT_CONVERSION = YES_AGGRESSIVE;
				CLANG_CXX_LANGUAGE_STANDARD = "gnu++20";
				CLANG_ENABLE_MODULES = YES;
				CLANG_ENABLE_OBJC_ARC = YES;
				CLANG_ENABLE_OBJC_WEAK = YES;
				CLANG_WARN_BLOCK_CAPTURE_AUTORELEASING = YES;
				CLANG_WARN_BOOL_CONVERSION = YES;
				CLANG_WARN_COMMA = YES;
				CLANG_WARN_CONSTANT_CONVERSION = YES;
				CLANG_WARN_DEPRECATED_OBJC_IMPLEMENTATIONS = YES;
				CLANG_WARN_DIRECT_OBJC_ISA_USAGE = YES_ERROR;
				CLANG_WARN_DOCUMENTATION_COMMENTS = YES;
				CLANG_WARN_EMPTY_BODY = YES;
				CLANG_WARN_ENUM_CONVERSION = YES;
				CLANG_WARN_INFINITE_RECURSION = YES;
				CLANG_WARN_INT_CONVERSION = YES;
				CLANG_WARN_NON_LITERAL_NULL_CONVERSION = YES;
				CLANG_WARN_OBJC_IMPLICIT_RETAIN_SELF = YES;
				CLANG_WARN_OBJC_LITERAL_CONVERSION = YES;
				CLANG_WARN_OBJC_ROOT_CLASS = YES_ERROR;
				CLANG_WARN_QUOTED_INCLUDE_IN_FRAMEWORK_HEADER = YES;
				CLANG_WARN_RANGE_LOOP_ANALYSIS = YES;
				CLANG_WARN_STRICT_PROTOTYPES = YES;
				CLANG_WARN_SUSPICIOUS_MOVE = YES;
				CLANG_WARN_UNGUARDED_AVAILABILITY = YES_AGGRESSIVE;
				CLANG_WARN_UNREACHABLE_CODE = YES;
				CLANG_WARN__DUPLICATE_METHOD_MATCH = YES;
				COPY_PHASE_STRIP = NO;
				DEBUG_INFORMATION_FORMAT = "dwarf-with-dsym";
				ENABLE_NS_ASSERTIONS = NO;
				ENABLE_STRICT_OBJC_MSGSEND = YES;
				ENABLE_USER_SCRIPT_SANDBOXING = YES;
				GCC_C_LANGUAGE_STANDARD = gnu17;
				GCC_NO_COMMON_BLOCKS = YES;
				GCC_WARN_64_TO_32_BIT_CONVERSION = YES;
				GCC_WARN_ABOUT_RETURN_TYPE = YES_ERROR;
				GCC_WARN_UNDECLARED_SELECTOR = YES;
				GCC_WARN_UNINITIALIZED_AUTOS = YES_AGGRESSIVE;
				GCC_WARN_UNUSED_FUNCTION = YES;
				GCC_WARN_UNUSED_VARIABLE = YES;
				IPHONEOS_DEPLOYMENT_TARGET = 17.0;
				LOCALIZATION_PREFERS_STRING_CATALOGS = YES;
				MTL_ENABLE_DEBUG_INFO = NO;
				MTL_FAST_MATH = YES;
				SDKROOT = iphoneos;
				VALIDATE_PRODUCT = YES;
			};
			name = Release;
		};
		98A8CAC62BBD5F2B00259560 /* Debug */ = {
			isa = XCBuildConfiguration;
			buildSettings = {
				ASSETCATALOG_COMPILER_APPICON_NAME = AppIcon;
				ASSETCATALOG_COMPILER_GLOBAL_ACCENT_COLOR_NAME = AccentColor;
				CODE_SIGN_STYLE = Automatic;
				CURRENT_PROJECT_VERSION = 1;
				DEVELOPMENT_TEAM = MQ4RPYJK2A;
				GENERATE_INFOPLIST_FILE = YES;
				INFOPLIST_FILE = zhiqi/Info.plist;
				INFOPLIST_KEY_UIApplicationSupportsIndirectInputEvents = YES;
				INFOPLIST_KEY_UILaunchStoryboardName = LaunchScreen;
				INFOPLIST_KEY_UIMainStoryboardFile = Main;
				INFOPLIST_KEY_UISupportedInterfaceOrientations_iPad = "UIInterfaceOrientationPortrait UIInterfaceOrientationPortraitUpsideDown UIInterfaceOrientationLandscapeLeft UIInterfaceOrientationLandscapeRight";
				INFOPLIST_KEY_UISupportedInterfaceOrientations_iPhone = "UIInterfaceOrientationPortrait UIInterfaceOrientationLandscapeLeft UIInterfaceOrientationLandscapeRight";
				LD_RUNPATH_SEARCH_PATHS = (
					"$(inherited)",
					"@executable_path/Frameworks",
				);
				MARKETING_VERSION = 1.0;
				PRODUCT_BUNDLE_IDENTIFIER = com.songmin.zhiqi;
				PRODUCT_NAME = "$(TARGET_NAME)";
				SWIFT_EMIT_LOC_STRINGS = YES;
				TARGETED_DEVICE_FAMILY = "1,2";
			};
			name = Debug;
		};
		98A8CAC72BBD5F2B00259560 /* Release */ = {
			isa = XCBuildConfiguration;
			buildSettings = {
				ASSETCATALOG_COMPILER_APPICON_NAME = AppIcon;
				ASSETCATALOG_COMPILER_GLOBAL_ACCENT_COLOR_NAME = AccentColor;
				CODE_SIGN_STYLE = Automatic;
				CURRENT_PROJECT_VERSION = 1;
				DEVELOPMENT_TEAM = MQ4RPYJK2A;
				GENERATE_INFOPLIST_FILE = YES;
				INFOPLIST_FILE = zhiqi/Info.plist;
				INFOPLIST_KEY_UIApplicationSupportsIndirectInputEvents = YES;
				INFOPLIST_KEY_UILaunchStoryboardName = LaunchScreen;
				INFOPLIST_KEY_UIMainStoryboardFile = Main;
				INFOPLIST_KEY_UISupportedInterfaceOrientations_iPad = "UIInterfaceOrientationPortrait UIInterfaceOrientationPortraitUpsideDown UIInterfaceOrientationLandscapeLeft UIInterfaceOrientationLandscapeRight";
				INFOPLIST_KEY_UISupportedInterfaceOrientations_iPhone = "UIInterfaceOrientationPortrait UIInterfaceOrientationLandscapeLeft UIInterfaceOrientationLandscapeRight";
				LD_RUNPATH_SEARCH_PATHS = (
					"$(inherited)",
					"@executable_path/Frameworks",
				);
				MARKETING_VERSION = 1.0;
				PRODUCT_BUNDLE_IDENTIFIER = com.songmin.zhiqi;
				PRODUCT_NAME = "$(TARGET_NAME)";
				SWIFT_EMIT_LOC_STRINGS = YES;
				TARGETED_DEVICE_FAMILY = "1,2";
			};
			name = Release;
		};
/* End XCBuildConfiguration section */

/* Begin XCConfigurationList section */
		98A8CAA72BBD5F2400259560 /* Build configuration list for PBXProject "zhiqi" */ = {
			isa = XCConfigurationList;
			buildConfigurations = (
				98A8CAC32BBD5F2B00259560 /* Debug */,
				98A8CAC42BBD5F2B00259560 /* Release */,
			);
			defaultConfigurationIsVisible = 0;
			defaultConfigurationName = Release;
		};
		98A8CAC52BBD5F2B00259560 /* Build configuration list for PBXNativeTarget "zhiqi" */ = {
			isa = XCConfigurationList;
			buildConfigurations = (
				98A8CAC62BBD5F2B00259560 /* Debug */,
				98A8CAC72BBD5F2B00259560 /* Release */,
			);
			defaultConfigurationIsVisible = 0;
			defaultConfigurationName = Release;
		};
/* End XCConfigurationList section */
	};
	rootObject = 98A8CAA42BBD5F2400259560 /* Project object */;
}
